
Microsoft Visual Studio Solution File, Format Version 12.00
# Visual Studio Version 17
VisualStudioVersion = 17.8.34330.188
MinimumVisualStudioVersion = 10.0.40219.1
Project("{FAE04EC0-301F-11D3-BF4B-00C04F79EFBC}") = "MockCrestronApi", "MockCrestronApi\MockCrestronApi.csproj", "{510D5080-5AFC-43B1-8BC9-58C5534FD454}"
EndProject
Global
	GlobalSection(SolutionConfigurationPlatforms) = preSolution
		Debug|Any CPU = Debug|Any CPU
		Release|Any CPU = Release|Any CPU
	EndGlobalSection
	GlobalSection(ProjectConfigurationPlatforms) = postSolution
		{510D5080-5AFC-43B1-8BC9-58C5534FD454}.Debug|Any CPU.ActiveCfg = Debug|Any CPU
		{510D5080-5AFC-43B1-8BC9-58C5534FD454}.Debug|Any CPU.Build.0 = Debug|Any CPU
		{510D5080-5AFC-43B1-8BC9-58C5534FD454}.Release|Any CPU.ActiveCfg = Release|Any CPU
		{510D5080-5AFC-43B1-8BC9-58C5534FD454}.Release|Any CPU.Build.0 = Release|Any CPU
	EndGlobalSection
	GlobalSection(SolutionProperties) = preSolution
		HideSolutionNode = FALSE
	EndGlobalSection
	GlobalSection(ExtensibilityGlobals) = postSolution
		SolutionGuid = {F9A2B742-B3C7-4FEE-9FA7-DAF8C1A22FEE}
	EndGlobalSection
EndGlobal
